
Microsoft Visual Studio Solution File, Format Version 12.00
# Visual Studio 14
VisualStudioVersion = 14.0.25420.1
MinimumVisualStudioVersion = 10.0.40219.1
Project("{FAE04EC0-301F-11D3-BF4B-00C04F79EFBC}") = "Resume", "Resume\Resume.csproj", "{E1C7E0F4-A9D5-4EA4-9F15-B10DC109EF14}"
EndProject
Project("{FAE04EC0-301F-11D3-BF4B-00C04F79EFBC}") = "Resume.Tests", "Resume.Tests\Resume.Tests.csproj", "{BDE8B1DF-C8A3-4AE3-84F9-E5AFEC6BB1EA}"
EndProject
Global
	GlobalSection(SolutionConfigurationPlatforms) = preSolution
		Debug|Any CPU = Debug|Any CPU
		Release|Any CPU = Release|Any CPU
	EndGlobalSection
	GlobalSection(ProjectConfigurationPlatforms) = postSolution
		{E1C7E0F4-A9D5-4EA4-9F15-B10DC109EF14}.Debug|Any CPU.ActiveCfg = Debug|Any CPU
		{E1C7E0F4-A9D5-4EA4-9F15-B10DC109EF14}.Debug|Any CPU.Build.0 = Debug|Any CPU
		{E1C7E0F4-A9D5-4EA4-9F15-B10DC109EF14}.Release|Any CPU.ActiveCfg = Release|Any CPU
		{E1C7E0F4-A9D5-4EA4-9F15-B10DC109EF14}.Release|Any CPU.Build.0 = Release|Any CPU
		{BDE8B1DF-C8A3-4AE3-84F9-E5AFEC6BB1EA}.Debug|Any CPU.ActiveCfg = Debug|Any CPU
		{BDE8B1DF-C8A3-4AE3-84F9-E5AFEC6BB1EA}.Debug|Any CPU.Build.0 = Debug|Any CPU
		{BDE8B1DF-C8A3-4AE3-84F9-E5AFEC6BB1EA}.Release|Any CPU.ActiveCfg = Release|Any CPU
		{BDE8B1DF-C8A3-4AE3-84F9-E5AFEC6BB1EA}.Release|Any CPU.Build.0 = Release|Any CPU
	EndGlobalSection
	GlobalSection(SolutionProperties) = preSolution
		HideSolutionNode = FALSE
	EndGlobalSection
EndGlobal
